
Microsoft Visual Studio Solution File, Format Version 12.00
# Visual Studio Version 17
VisualStudioVersion = 17.7.34221.43
MinimumVisualStudioVersion = 10.0.40219.1
Project("{FAE04EC0-301F-11D3-BF4B-00C04F79EFBC}") = "Lab6_4Recur", "Lab6_4Recur\Lab6_4Recur.csproj", "{6F8B93B0-5E07-424B-A06D-A8D0FB8DCD95}"
EndProject
Project("{FAE04EC0-301F-11D3-BF4B-00C04F79EFBC}") = "Lab6_4RecurUnitTest", "Lab6_4RecurUnitTest\Lab6_4RecurUnitTest.csproj", "{3477EA5E-3ECA-4BD0-9CB0-A185620C73E8}"
EndProject
Global
	GlobalSection(SolutionConfigurationPlatforms) = preSolution
		Debug|Any CPU = Debug|Any CPU
		Release|Any CPU = Release|Any CPU
	EndGlobalSection
	GlobalSection(ProjectConfigurationPlatforms) = postSolution
		{6F8B93B0-5E07-424B-A06D-A8D0FB8DCD95}.Debug|Any CPU.ActiveCfg = Debug|Any CPU
		{6F8B93B0-5E07-424B-A06D-A8D0FB8DCD95}.Debug|Any CPU.Build.0 = Debug|Any CPU
		{6F8B93B0-5E07-424B-A06D-A8D0FB8DCD95}.Release|Any CPU.ActiveCfg = Release|Any CPU
		{6F8B93B0-5E07-424B-A06D-A8D0FB8DCD95}.Release|Any CPU.Build.0 = Release|Any CPU
		{3477EA5E-3ECA-4BD0-9CB0-A185620C73E8}.Debug|Any CPU.ActiveCfg = Debug|Any CPU
		{3477EA5E-3ECA-4BD0-9CB0-A185620C73E8}.Debug|Any CPU.Build.0 = Debug|Any CPU
		{3477EA5E-3ECA-4BD0-9CB0-A185620C73E8}.Release|Any CPU.ActiveCfg = Release|Any CPU
		{3477EA5E-3ECA-4BD0-9CB0-A185620C73E8}.Release|Any CPU.Build.0 = Release|Any CPU
	EndGlobalSection
	GlobalSection(SolutionProperties) = preSolution
		HideSolutionNode = FALSE
	EndGlobalSection
	GlobalSection(ExtensibilityGlobals) = postSolution
		SolutionGuid = {D3971C42-6E19-48FE-A444-6A0A23C92881}
	EndGlobalSection
EndGlobal
