
Microsoft Visual Studio Solution File, Format Version 12.00
# Visual Studio Version 17
VisualStudioVersion = 17.7.34221.43
MinimumVisualStudioVersion = 10.0.40219.1
Project("{9A19103F-16F7-4668-BE54-9A1E7A4F7556}") = "Lab6_2Iter", "Lab6_2Iter\Lab6_2Iter.csproj", "{BA6EE1A5-4AAC-472B-A07A-E881815E43A3}"
EndProject
Project("{FAE04EC0-301F-11D3-BF4B-00C04F79EFBC}") = "Lab6_2IterUnitTest", "Lab6_2IterUnitTest\Lab6_2IterUnitTest.csproj", "{8F542AAA-45AB-4D44-8678-6AB345F83CD0}"
EndProject
Global
	GlobalSection(SolutionConfigurationPlatforms) = preSolution
		Debug|Any CPU = Debug|Any CPU
		Release|Any CPU = Release|Any CPU
	EndGlobalSection
	GlobalSection(ProjectConfigurationPlatforms) = postSolution
		{BA6EE1A5-4AAC-472B-A07A-E881815E43A3}.Debug|Any CPU.ActiveCfg = Debug|Any CPU
		{BA6EE1A5-4AAC-472B-A07A-E881815E43A3}.Debug|Any CPU.Build.0 = Debug|Any CPU
		{BA6EE1A5-4AAC-472B-A07A-E881815E43A3}.Release|Any CPU.ActiveCfg = Release|Any CPU
		{BA6EE1A5-4AAC-472B-A07A-E881815E43A3}.Release|Any CPU.Build.0 = Release|Any CPU
		{8F542AAA-45AB-4D44-8678-6AB345F83CD0}.Debug|Any CPU.ActiveCfg = Debug|Any CPU
		{8F542AAA-45AB-4D44-8678-6AB345F83CD0}.Debug|Any CPU.Build.0 = Debug|Any CPU
		{8F542AAA-45AB-4D44-8678-6AB345F83CD0}.Release|Any CPU.ActiveCfg = Release|Any CPU
		{8F542AAA-45AB-4D44-8678-6AB345F83CD0}.Release|Any CPU.Build.0 = Release|Any CPU
	EndGlobalSection
	GlobalSection(SolutionProperties) = preSolution
		HideSolutionNode = FALSE
	EndGlobalSection
	GlobalSection(ExtensibilityGlobals) = postSolution
		SolutionGuid = {2CC6B72F-EC54-4C3D-9E69-62A9FC3441EF}
	EndGlobalSection
EndGlobal
