
Microsoft Visual Studio Solution File, Format Version 12.00
# Visual Studio Version 17
VisualStudioVersion = 17.7.34221.43
MinimumVisualStudioVersion = 10.0.40219.1
Project("{9A19103F-16F7-4668-BE54-9A1E7A4F7556}") = "Lab6_3Recur", "Lab6_3Recur\Lab6_3Recur.csproj", "{E1FF43C9-7025-4705-BA19-9CA2DB9DC5D8}"
EndProject
Project("{FAE04EC0-301F-11D3-BF4B-00C04F79EFBC}") = "Lab6_3RecurUnitTest", "Lab6_3RecurUnitTest\Lab6_3RecurUnitTest.csproj", "{58760183-ECD0-4A07-9309-238B8EB23609}"
EndProject
Global
	GlobalSection(SolutionConfigurationPlatforms) = preSolution
		Debug|Any CPU = Debug|Any CPU
		Release|Any CPU = Release|Any CPU
	EndGlobalSection
	GlobalSection(ProjectConfigurationPlatforms) = postSolution
		{E1FF43C9-7025-4705-BA19-9CA2DB9DC5D8}.Debug|Any CPU.ActiveCfg = Debug|Any CPU
		{E1FF43C9-7025-4705-BA19-9CA2DB9DC5D8}.Debug|Any CPU.Build.0 = Debug|Any CPU
		{E1FF43C9-7025-4705-BA19-9CA2DB9DC5D8}.Release|Any CPU.ActiveCfg = Release|Any CPU
		{E1FF43C9-7025-4705-BA19-9CA2DB9DC5D8}.Release|Any CPU.Build.0 = Release|Any CPU
		{58760183-ECD0-4A07-9309-238B8EB23609}.Debug|Any CPU.ActiveCfg = Debug|Any CPU
		{58760183-ECD0-4A07-9309-238B8EB23609}.Debug|Any CPU.Build.0 = Debug|Any CPU
		{58760183-ECD0-4A07-9309-238B8EB23609}.Release|Any CPU.ActiveCfg = Release|Any CPU
		{58760183-ECD0-4A07-9309-238B8EB23609}.Release|Any CPU.Build.0 = Release|Any CPU
	EndGlobalSection
	GlobalSection(SolutionProperties) = preSolution
		HideSolutionNode = FALSE
	EndGlobalSection
	GlobalSection(ExtensibilityGlobals) = postSolution
		SolutionGuid = {B4C2674B-5254-4F49-9F92-B3408212D01C}
	EndGlobalSection
EndGlobal
